# THIS IS AN AUTOGENERATED FILE. DO NOT EDIT THIS FILE DIRECTLY.
# yarn lockfile v1


imba@1.4.0:
  version "1.4.0"
  resolved "https://registry.yarnpkg.com/imba/-/imba-1.4.0.tgz#10db820b992ddb489acc23c157bfeffc2449f134"
  integrity sha512-aIXF16PX7rOIHsOAJbf/kU0UP2KuHtb5A+IpRXfanJWo2A77U1lyfNkrUmCVfcflIL7KuZrXqkSQVHydDhTKVg==

vscode-jsonrpc@^2.4.0:
  version "2.4.0"
  resolved "https://registry.yarnpkg.com/vscode-jsonrpc/-/vscode-jsonrpc-2.4.0.tgz#51396030e13179555c939b791c29598058b8fbb4"

vscode-languageserver-types@^1.0.4:
  version "1.0.4"
  resolved "https://registry.yarnpkg.com/vscode-languageserver-types/-/vscode-languageserver-types-1.0.4.tgz#439a52f040c89cf6599d88ed9a1b5a9abdca11b7"

vscode-languageserver@^2.6.2:
  version "2.6.2"
  resolved "https://registry.yarnpkg.com/vscode-languageserver/-/vscode-languageserver-2.6.2.tgz#c06d817a55c7c9e97bd0535424fc0d5754d61ea9"
  dependencies:
    vscode-jsonrpc "^2.4.0"
    vscode-languageserver-types "^1.0.4"
